
Microsoft Visual Studio Solution File, Format Version 12.00
# Visual Studio Version 16
VisualStudioVersion = 16.0.29418.71
MinimumVisualStudioVersion = 10.0.40219.1
Project("{FAE04EC0-301F-11D3-BF4B-00C04F79EFBC}") = "BlazorApp_Lacos.Server", "BlazorApp_Lacos\Server\BlazorApp_Lacos.Server.csproj", "{4C4CC24D-A6A8-4E0E-9A6A-038C07246D56}"
EndProject
Project("{FAE04EC0-301F-11D3-BF4B-00C04F79EFBC}") = "BlazorApp_Lacos.Client", "BlazorApp_Lacos\Client\BlazorApp_Lacos.Client.csproj", "{0AFCB557-1AD3-4261-9FA2-DE13CB531075}"
EndProject
Project("{FAE04EC0-301F-11D3-BF4B-00C04F79EFBC}") = "BlazorApp_Lacos.Shared", "BlazorApp_Lacos\Shared\BlazorApp_Lacos.Shared.csproj", "{04A6252C-8E21-44A3-945B-1DA234DF3B44}"
EndProject
Global
	GlobalSection(SolutionConfigurationPlatforms) = preSolution
		Debug|Any CPU = Debug|Any CPU
		Release|Any CPU = Release|Any CPU
	EndGlobalSection
	GlobalSection(ProjectConfigurationPlatforms) = postSolution
		{4C4CC24D-A6A8-4E0E-9A6A-038C07246D56}.Debug|Any CPU.ActiveCfg = Debug|Any CPU
		{4C4CC24D-A6A8-4E0E-9A6A-038C07246D56}.Debug|Any CPU.Build.0 = Debug|Any CPU
		{4C4CC24D-A6A8-4E0E-9A6A-038C07246D56}.Release|Any CPU.ActiveCfg = Release|Any CPU
		{4C4CC24D-A6A8-4E0E-9A6A-038C07246D56}.Release|Any CPU.Build.0 = Release|Any CPU
		{0AFCB557-1AD3-4261-9FA2-DE13CB531075}.Debug|Any CPU.ActiveCfg = Debug|Any CPU
		{0AFCB557-1AD3-4261-9FA2-DE13CB531075}.Debug|Any CPU.Build.0 = Debug|Any CPU
		{0AFCB557-1AD3-4261-9FA2-DE13CB531075}.Release|Any CPU.ActiveCfg = Release|Any CPU
		{0AFCB557-1AD3-4261-9FA2-DE13CB531075}.Release|Any CPU.Build.0 = Release|Any CPU
		{04A6252C-8E21-44A3-945B-1DA234DF3B44}.Debug|Any CPU.ActiveCfg = Debug|Any CPU
		{04A6252C-8E21-44A3-945B-1DA234DF3B44}.Debug|Any CPU.Build.0 = Debug|Any CPU
		{04A6252C-8E21-44A3-945B-1DA234DF3B44}.Release|Any CPU.ActiveCfg = Release|Any CPU
		{04A6252C-8E21-44A3-945B-1DA234DF3B44}.Release|Any CPU.Build.0 = Release|Any CPU
	EndGlobalSection
	GlobalSection(SolutionProperties) = preSolution
		HideSolutionNode = FALSE
	EndGlobalSection
	GlobalSection(ExtensibilityGlobals) = postSolution
		SolutionGuid = {2661CE8B-2B06-4131-ABAF-F82BE7670B12}
	EndGlobalSection
EndGlobal
